# THIS IS AN AUTOGENERATED FILE. DO NOT EDIT THIS FILE DIRECTLY.
# yarn lockfile v1


"@tanstack/react-table@^8.5.22":
  version "8.5.22"
  resolved "https://registry.yarnpkg.com/@tanstack/react-table/-/react-table-8.5.22.tgz#8a5250ac6437ca7c16e683cde65a065c0f573e24"
  integrity sha512-01XaxQTxcI+w7g+i/YRblxdAikM9G7L1S7LwqaiD/gkKmNUs+g2BXw4GfIcuzzE75Q5t0BXlyqM7MyxxBuvQXA==
  dependencies:
    "@tanstack/table-core" "8.5.22"

"@tanstack/react-virtual@v3.0.0-beta.22":
  version "3.0.0-beta.22"
  resolved "https://registry.yarnpkg.com/@tanstack/react-virtual/-/react-virtual-3.0.0-beta.22.tgz#bd772d08162e9aa77ed46329dace348fcfaac225"
  integrity sha512-OPgnjp6+F/8twCToWq1bglbxaNoOIKac/K6zhljhGIVq5lp1VXpkw47lWvLTU7RFfcFl03E61zZkqGbSFTk9uA==
  dependencies:
    "@tanstack/virtual-core" "3.0.0-beta.22"

"@tanstack/table-core@8.5.22":
  version "8.5.22"
  resolved "https://registry.yarnpkg.com/@tanstack/table-core/-/table-core-8.5.22.tgz#ba381db5f7f47558aba6e75cc94ee32a691defeb"
  integrity sha512-D3wDbVXl3Bi5PdGfle6DijhLzZxrvMyZsE1dSHH0xBsqEbu7Pkxn5EEd6CA9tGsCgXIEP1s4Yfy1cZ9xnMz1sQ==

"@tanstack/virtual-core@3.0.0-beta.22":
  version "3.0.0-beta.22"
  resolved "https://registry.yarnpkg.com/@tanstack/virtual-core/-/virtual-core-3.0.0-beta.22.tgz#1c3c4723fa67492af6a35100b4c8818d6c4d7c58"
  integrity sha512-kMpEeXXxHXP3mmXmMwKJvCzsiGGRDK745EsOYCiBP9hER04kyPk89rOQIvXhIFBkSj+TjSNCovIIhEzqkpIDNw==
