# THIS IS AN AUTOGENERATED FILE. DO NOT EDIT THIS FILE DIRECTLY.
# yarn lockfile v1


"@tanstack/react-table@^8.5.15":
  version "8.5.15"
  resolved "https://registry.yarnpkg.com/@tanstack/react-table/-/react-table-8.5.15.tgz#8179d24d7fdf909799a517e8897501c44e51284d"
  integrity sha512-9rSvhIFeMpfXksFgQNTWnVoJbkae/U8CkHnHYGWAIB/O0Ca51IKap0Rjp5WkIUVBWxJ7Wfl2y13oY+aWcyM6Rg==
  dependencies:
    "@tanstack/table-core" "8.5.15"

"@tanstack/react-virtual@v3.0.0-beta.18":
  version "3.0.0-beta.18"
  resolved "https://registry.npmjs.org/@tanstack/react-virtual/-/react-virtual-3.0.0-beta.18.tgz"
  integrity sha512-mnyCZT6htcRNw1jVb+WyfMUMbd1UmXX/JWPuMf6Bmj92DB/V7Ogk5n5rby5Y5aste7c7mlsBeMF8HtpwERRvEQ==
  dependencies:
    "@tanstack/virtual-core" "3.0.0-beta.18"

"@tanstack/table-core@8.5.15":
  version "8.5.15"
  resolved "https://registry.yarnpkg.com/@tanstack/table-core/-/table-core-8.5.15.tgz#e1e674135cd6c36f29a1562a2b846f824861149b"
  integrity sha512-k+BcCOAYD610Cij6p1BPyEqjMQjZIdAnVDoIUKVnA/tfHbF4JlDP7pKAftXPBxyyX5Z1yQPurPnOdEY007Snyg==

"@tanstack/virtual-core@3.0.0-beta.18":
  version "3.0.0-beta.18"
  resolved "https://registry.npmjs.org/@tanstack/virtual-core/-/virtual-core-3.0.0-beta.18.tgz"
  integrity sha512-tcXutY05NpN9lp3+AXI9Sn85RxSPV0EJC0XMim9oeQj/E7bjXoL0qZ4Er4wwnvIbv/hZjC91EmbIQGjgdr6nZg==
