# THIS IS AN AUTOGENERATED FILE. DO NOT EDIT THIS FILE DIRECTLY.
# yarn lockfile v1


"@tanstack/react-table@^8.5.17":
  version "8.5.17"
  resolved "https://registry.yarnpkg.com/@tanstack/react-table/-/react-table-8.5.17.tgz#2cf86ae17474a007b611ef65b5f56f3b421a8207"
  integrity sha512-QHCvxGk1fpdcH0XM5DL02broJ50UY6U04/rr0BTQnL6Tt7V4zdRfjHZB6sVHDwbUElJnL+xlfKPi1DNNEIQs8g==
  dependencies:
    "@tanstack/table-core" "8.5.17"

"@tanstack/react-virtual@v3.0.0-beta.18":
  version "3.0.0-beta.18"
  resolved "https://registry.npmjs.org/@tanstack/react-virtual/-/react-virtual-3.0.0-beta.18.tgz"
  integrity sha512-mnyCZT6htcRNw1jVb+WyfMUMbd1UmXX/JWPuMf6Bmj92DB/V7Ogk5n5rby5Y5aste7c7mlsBeMF8HtpwERRvEQ==
  dependencies:
    "@tanstack/virtual-core" "3.0.0-beta.18"

"@tanstack/table-core@8.5.17":
  version "8.5.17"
  resolved "https://registry.yarnpkg.com/@tanstack/table-core/-/table-core-8.5.17.tgz#753f1aeda6df8a9225ace8cb9d6ec64e5f1f27b2"
  integrity sha512-oKGg68v1E6UF2RNukSChwNX6W0ongM/QxbFPp+yW4SMOrciGNftG1XDF3dBCM/xbFpN7Pe+L880Evv6kVHrDXA==

"@tanstack/virtual-core@3.0.0-beta.18":
  version "3.0.0-beta.18"
  resolved "https://registry.npmjs.org/@tanstack/virtual-core/-/virtual-core-3.0.0-beta.18.tgz"
  integrity sha512-tcXutY05NpN9lp3+AXI9Sn85RxSPV0EJC0XMim9oeQj/E7bjXoL0qZ4Er4wwnvIbv/hZjC91EmbIQGjgdr6nZg==
